NeoBundleLock VimSketchUpRuby 8c47e9bc78fa680ee3262b061c73d05a60fae0f0
NeoBundleLock ack.vim b9f85efc0dcc97cdafa8dcc1689e8a8d3f1dd756
NeoBundleLock closetag.vim 77572b488175c9b33917980540c487ceed471be4
NeoBundleLock ctrlp.vim 564176f01d7f3f7f8ab452ff4e1f5314de7b0981
NeoBundleLock emmet-vim d698f1658770ca5fa58c87e80421c8d65bbe9065
NeoBundleLock memolist.vim 0888b547e4f5f3540d81218de76eb4a46cf7b63e
NeoBundleLock neosnippet-snippets 63c9182d34a618f8dfc22d7c2a3f4ffe3d7101ef
NeoBundleLock neosnippet.vim 0e829d51b1342eb34cd07d2a15f0e49ebe4a5335
NeoBundleLock nerdtree 5782b228e495c733af4ba2e547e5dc44ebc8bc25
NeoBundleLock unite.vim e34bc1977663d0f48c692e466be64a949f4c03d9
NeoBundleLock vim-coffee-script 9e3b4de2a476caeb6ff21b5da20966d7c67a98bb
NeoBundleLock vim-colorschemes eab315701f4627967fd62582eefc4e37a3745786
NeoBundleLock vim-gista b6cd41d0eb480cd79e84f3da3703613d0cf94a6c
NeoBundleLock vim-quickrun 13e60587a503620bd7d0dd1b822c29e18350e461
NeoBundleLock vim-ref b45d10f6d0c82e3afd17774626e952fde03274a1
NeoBundleLock vim-surround e49d6c2459e0f5569ff2d533b4df995dd7f98313
NeoBundleLock vim-textobj-user 8e885f94c1a3b5204e75bb8b80077723a8a18467
NeoBundleLock vimproc 03a38f283ca9e15784e8fea84e8afc5d633b9639
NeoBundleLock vimshell d0c5bef010237855b4de25863bc54895effe5d7a
NeoBundleLock zencoding-vim 5d54856b498749a6e1b4274c028944b1352b7a57
